GRANT DELETE ON external_bank_data.DATABASECHANGELOGLOCK TO 'bankinfoboy'@'192.168.89.3'   i want to excute this script for liquibase when should i excute it 

because i cannot lanch it before the start of the app is possible to tlaunch after first build or what happel because we re not allow to delete anything in dev environement
